
Microsoft Visual Studio Solution File, Format Version 11.00
# Visual C# Express 2010
Project("{FAE04EC0-301F-11D3-BF4B-00C04F79EFBC}") = "PlaynShowcase", "game\PlaynShowcase.csproj", "{A1FAA6C5-27EF-44C3-818C-B82F423C30A9}"
EndProject
Project("{FAE04EC0-301F-11D3-BF4B-00C04F79EFBC}") = "PlaynShowcaseContent", "content\PlaynShowcaseContent.contentproj", "{AE956C53-4E72-4DDB-ABC9-761075852D63}"
EndProject
Global
	GlobalSection(SolutionConfigurationPlatforms) = preSolution
		Debug|x86 = Debug|x86
		Release|x86 = Release|x86
	EndGlobalSection
	GlobalSection(ProjectConfigurationPlatforms) = postSolution
		{A1FAA6C5-27EF-44C3-818C-B82F423C30A9}.Debug|x86.ActiveCfg = Debug|x86
		{A1FAA6C5-27EF-44C3-818C-B82F423C30A9}.Debug|x86.Build.0 = Debug|x86
		{A1FAA6C5-27EF-44C3-818C-B82F423C30A9}.Release|x86.ActiveCfg = Release|x86
		{A1FAA6C5-27EF-44C3-818C-B82F423C30A9}.Release|x86.Build.0 = Release|x86
		{AE956C53-4E72-4DDB-ABC9-761075852D63}.Debug|x86.ActiveCfg = Debug|x86
		{AE956C53-4E72-4DDB-ABC9-761075852D63}.Release|x86.ActiveCfg = Release|x86
	EndGlobalSection
	GlobalSection(SolutionProperties) = preSolution
		HideSolutionNode = FALSE
	EndGlobalSection
EndGlobal
